// !$*UTF8*$!
{
	archiveVersion = 1;
	classes = {
	};
	objectVersion = 50;
	objects = {

/* Begin PBXBuildFile section */
		0929632324A3988F00D86622 /* WebKit.framework in Frameworks */ = {isa = PBXBuildFile; fileRef = 0929632224A3988F00D86622 /* WebKit.framework */; };
		095DF88C220C9EF900039AC9 /* CustomPopAnimator.swift in Sources */ = {isa = PBXBuildFile; fileRef = 095DF860220C9EF800039AC9 /* CustomPopAnimator.swift */; };
		095DF88E220C9EF900039AC9 /* CustomPushAnimator.swift in Sources */ = {isa = PBXBuildFile; fileRef = 095DF86E220C9EF800039AC9 /* CustomPushAnimator.swift */; };
		095DF88F220C9EF900039AC9 /* VKLoginViewController.swift in Sources */ = {isa = PBXBuildFile; fileRef = 095DF86F220C9EF800039AC9 /* VKLoginViewController.swift */; };
		095DF890220C9EF900039AC9 /* CustomInteractiveTransition.swift in Sources */ = {isa = PBXBuildFile; fileRef = 095DF870220C9EF800039AC9 /* CustomInteractiveTransition.swift */; };
		095DF892220C9EF900039AC9 /* ViewController.swift in Sources */ = {isa = PBXBuildFile; fileRef = 095DF872220C9EF900039AC9 /* ViewController.swift */; };
		095DF893220C9EF900039AC9 /* Session.swift in Sources */ = {isa = PBXBuildFile; fileRef = 095DF87C220C9EF900039AC9 /* Session.swift */; };
		095DF895220C9EF900039AC9 /* UIViewController+Ext.swift in Sources */ = {isa = PBXBuildFile; fileRef = 095DF87E220C9EF900039AC9 /* UIViewController+Ext.swift */; };
		095DF896220C9EF900039AC9 /* CustomNavigationController.swift in Sources */ = {isa = PBXBuildFile; fileRef = 095DF87F220C9EF900039AC9 /* CustomNavigationController.swift */; };
		095DF897220CA2C600039AC9 /* FriendCollectionViewCell.swift in Sources */ = {isa = PBXBuildFile; fileRef = 095DF882220C9EF900039AC9 /* FriendCollectionViewCell.swift */; };
		095DF898220CA2C900039AC9 /* FriendsCollectionViewController.swift in Sources */ = {isa = PBXBuildFile; fileRef = 095DF883220C9EF900039AC9 /* FriendsCollectionViewController.swift */; };
		095DF899220CA2CB00039AC9 /* FriendCollectionViewLayout.swift in Sources */ = {isa = PBXBuildFile; fileRef = 095DF884220C9EF900039AC9 /* FriendCollectionViewLayout.swift */; };
		095DF89A220CA2DB00039AC9 /* LikeFavorite.swift in Sources */ = {isa = PBXBuildFile; fileRef = 095DF885220C9EF900039AC9 /* LikeFavorite.swift */; };
		095DF8A4220CA30700039AC9 /* FriendsViewController.swift in Sources */ = {isa = PBXBuildFile; fileRef = 095DF887220C9EF900039AC9 /* FriendsViewController.swift */; };
		095DF8A5220CA30700039AC9 /* Header.swift in Sources */ = {isa = PBXBuildFile; fileRef = 095DF888220C9EF900039AC9 /* Header.swift */; };
		095DF8A6220CA30700039AC9 /* FriendViewCell.swift in Sources */ = {isa = PBXBuildFile; fileRef = 095DF889220C9EF900039AC9 /* FriendViewCell.swift */; };
		095DF8A7220CA30700039AC9 /* Header.xib in Resources */ = {isa = PBXBuildFile; fileRef = 095DF88A220C9EF900039AC9 /* Header.xib */; };
		095DF8A8220CA30700039AC9 /* Avatar.swift in Sources */ = {isa = PBXBuildFile; fileRef = 095DF88B220C9EF900039AC9 /* Avatar.swift */; };
		095DF8A9220CA30B00039AC9 /* GalleryCollectionViewController.swift in Sources */ = {isa = PBXBuildFile; fileRef = 095DF87A220C9EF900039AC9 /* GalleryCollectionViewController.swift */; };
		095DF8AA220CA30B00039AC9 /* GalleryCollectionViewCell.swift in Sources */ = {isa = PBXBuildFile; fileRef = 095DF87B220C9EF900039AC9 /* GalleryCollectionViewCell.swift */; };
		095DF8B0220CA31000039AC9 /* MyGroupsViewCell.swift in Sources */ = {isa = PBXBuildFile; fileRef = 095DF874220C9EF900039AC9 /* MyGroupsViewCell.swift */; };
		095DF8B1220CA31000039AC9 /* MyGroupViewController.swift in Sources */ = {isa = PBXBuildFile; fileRef = 095DF875220C9EF900039AC9 /* MyGroupViewController.swift */; };
		095DF8B2220CA31000039AC9 /* AllGroupViewController.swift in Sources */ = {isa = PBXBuildFile; fileRef = 095DF876220C9EF900039AC9 /* AllGroupViewController.swift */; };
		095DF8B4220CA31000039AC9 /* AllGroupViewCell.swift in Sources */ = {isa = PBXBuildFile; fileRef = 095DF878220C9EF900039AC9 /* AllGroupViewCell.swift */; };
		095DF8B5220CA31000039AC9 /* LoadingPoints.swift in Sources */ = {isa = PBXBuildFile; fileRef = 095DF86D220C9EF800039AC9 /* LoadingPoints.swift */; };
		095DF8B6220CA31000039AC9 /* LoginFormController.swift in Sources */ = {isa = PBXBuildFile; fileRef = 095DF871220C9EF900039AC9 /* LoginFormController.swift */; };
		095DF8B7220CA31400039AC9 /* User.swift in Sources */ = {isa = PBXBuildFile; fileRef = 095DF866220C9EF800039AC9 /* User.swift */; };
		095DF8B8220CA31400039AC9 /* Photo.swift in Sources */ = {isa = PBXBuildFile; fileRef = 095DF867220C9EF800039AC9 /* Photo.swift */; };
		095DF8B9220CA31400039AC9 /* Group.swift in Sources */ = {isa = PBXBuildFile; fileRef = 095DF868220C9EF800039AC9 /* Group.swift */; };
		095DF8BA220CA31700039AC9 /* NewsTableViewController.swift in Sources */ = {isa = PBXBuildFile; fileRef = 095DF86A220C9EF800039AC9 /* NewsTableViewController.swift */; };
		095DF8BB220CA31700039AC9 /* NewsControl.swift in Sources */ = {isa = PBXBuildFile; fileRef = 095DF86B220C9EF800039AC9 /* NewsControl.swift */; };
		095DF8BC220CA31700039AC9 /* NewsTableViewCell.swift in Sources */ = {isa = PBXBuildFile; fileRef = 095DF86C220C9EF800039AC9 /* NewsTableViewCell.swift */; };
		095DF8BD220CA32000039AC9 /* RealmChanges.swift in Sources */ = {isa = PBXBuildFile; fileRef = 095DF862220C9EF800039AC9 /* RealmChanges.swift */; };
		095DF8BE220CA32000039AC9 /* NetworkService.swift in Sources */ = {isa = PBXBuildFile; fileRef = 095DF863220C9EF800039AC9 /* NetworkService.swift */; };
		095DF8BF220CA32000039AC9 /* DatabaseService.swift in Sources */ = {isa = PBXBuildFile; fileRef = 095DF864220C9EF800039AC9 /* DatabaseService.swift */; };
		09E5A67B220C96A3002FF24A /* AppDelegate.swift in Sources */ = {isa = PBXBuildFile; fileRef = 09E5A67A220C96A3002FF24A /* AppDelegate.swift */; };
		09E5A67D220C96A3002FF24A /* ViewController.swift in Sources */ = {isa = PBXBuildFile; fileRef = 09E5A67C220C96A3002FF24A /* ViewController.swift */; };
		09E5A680220C96A3002FF24A /* Main.storyboard in Resources */ = {isa = PBXBuildFile; fileRef = 09E5A67E220C96A3002FF24A /* Main.storyboard */; };
		09E5A682220C96A4002FF24A /* Assets.xcassets in Resources */ = {isa = PBXBuildFile; fileRef = 09E5A681220C96A4002FF24A /* Assets.xcassets */; };
		09E5A685220C96A4002FF24A /* LaunchScreen.storyboard in Resources */ = {isa = PBXBuildFile; fileRef = 09E5A683220C96A4002FF24A /* LaunchScreen.storyboard */; };
/* End PBXBuildFile section */

/* Begin PBXFileReference section */
		0929632224A3988F00D86622 /* WebKit.framework */ = {isa = PBXFileReference; lastKnownFileType = wrapper.framework; name = WebKit.framework; path = System/Library/Frameworks/WebKit.framework; sourceTree = SDKROOT; };
		095DF860220C9EF800039AC9 /* CustomPopAnimator.swift */ = {isa = PBXFileReference; lastKnownFileType = sourcecode.swift; path = CustomPopAnimator.swift; sourceTree = "<group>"; };
		095DF862220C9EF800039AC9 /* RealmChanges.swift */ = {isa = PBXFileReference; lastKnownFileType = sourcecode.swift; path = RealmChanges.swift; sourceTree = "<group>"; };
		095DF863220C9EF800039AC9 /* NetworkService.swift */ = {isa = PBXFileReference; lastKnownFileType = sourcecode.swift; path = NetworkService.swift; sourceTree = "<group>"; };
		095DF864220C9EF800039AC9 /* DatabaseService.swift */ = {isa = PBXFileReference; lastKnownFileType = sourcecode.swift; path = DatabaseService.swift; sourceTree = "<group>"; };
		095DF866220C9EF800039AC9 /* User.swift */ = {isa = PBXFileReference; lastKnownFileType = sourcecode.swift; path = User.swift; sourceTree = "<group>"; };
		095DF867220C9EF800039AC9 /* Photo.swift */ = {isa = PBXFileReference; lastKnownFileType = sourcecode.swift; path = Photo.swift; sourceTree = "<group>"; };
		095DF868220C9EF800039AC9 /* Group.swift */ = {isa = PBXFileReference; lastKnownFileType = sourcecode.swift; path = Group.swift; sourceTree = "<group>"; };
		095DF86A220C9EF800039AC9 /* NewsTableViewController.swift */ = {isa = PBXFileReference; lastKnownFileType = sourcecode.swift; path = NewsTableViewController.swift; sourceTree = "<group>"; };
		095DF86B220C9EF800039AC9 /* NewsControl.swift */ = {isa = PBXFileReference; lastKnownFileType = sourcecode.swift; path = NewsControl.swift; sourceTree = "<group>"; };
		095DF86C220C9EF800039AC9 /* NewsTableViewCell.swift */ = {isa = PBXFileReference; lastKnownFileType = sourcecode.swift; path = NewsTableViewCell.swift; sourceTree = "<group>"; };
		095DF86D220C9EF800039AC9 /* LoadingPoints.swift */ = {isa = PBXFileReference; lastKnownFileType = sourcecode.swift; path = LoadingPoints.swift; sourceTree = "<group>"; };
		095DF86E220C9EF800039AC9 /* CustomPushAnimator.swift */ = {isa = PBXFileReference; lastKnownFileType = sourcecode.swift; path = CustomPushAnimator.swift; sourceTree = "<group>"; };
		095DF86F220C9EF800039AC9 /* VKLoginViewController.swift */ = {isa = PBXFileReference; lastKnownFileType = sourcecode.swift; path = VKLoginViewController.swift; sourceTree = "<group>"; };
		095DF870220C9EF800039AC9 /* CustomInteractiveTransition.swift */ = {isa = PBXFileReference; lastKnownFileType = sourcecode.swift; path = CustomInteractiveTransition.swift; sourceTree = "<group>"; };
		095DF871220C9EF900039AC9 /* LoginFormController.swift */ = {isa = PBXFileReference; lastKnownFileType = sourcecode.swift; path = LoginFormController.swift; sourceTree = "<group>"; };
		095DF872220C9EF900039AC9 /* ViewController.swift */ = {isa = PBXFileReference; lastKnownFileType = sourcecode.swift; path = ViewController.swift; sourceTree = "<group>"; };
		095DF874220C9EF900039AC9 /* MyGroupsViewCell.swift */ = {isa = PBXFileReference; lastKnownFileType = sourcecode.swift; path = MyGroupsViewCell.swift; sourceTree = "<group>"; };
		095DF875220C9EF900039AC9 /* MyGroupViewController.swift */ = {isa = PBXFileReference; lastKnownFileType = sourcecode.swift; path = MyGroupViewController.swift; sourceTree = "<group>"; };
		095DF876220C9EF900039AC9 /* AllGroupViewController.swift */ = {isa = PBXFileReference; lastKnownFileType = sourcecode.swift; path = AllGroupViewController.swift; sourceTree = "<group>"; };
		095DF878220C9EF900039AC9 /* AllGroupViewCell.swift */ = {isa = PBXFileReference; lastKnownFileType = sourcecode.swift; path = AllGroupViewCell.swift; sourceTree = "<group>"; };
		095DF87A220C9EF900039AC9 /* GalleryCollectionViewController.swift */ = {isa = PBXFileReference; lastKnownFileType = sourcecode.swift; path = GalleryCollectionViewController.swift; sourceTree = "<group>"; };
		095DF87B220C9EF900039AC9 /* GalleryCollectionViewCell.swift */ = {isa = PBXFileReference; lastKnownFileType = sourcecode.swift; path = GalleryCollectionViewCell.swift; sourceTree = "<group>"; };
		095DF87C220C9EF900039AC9 /* Session.swift */ = {isa = PBXFileReference; lastKnownFileType = sourcecode.swift; path = Session.swift; sourceTree = "<group>"; };
		095DF87E220C9EF900039AC9 /* UIViewController+Ext.swift */ = {isa = PBXFileReference; lastKnownFileType = sourcecode.swift; path = "UIViewController+Ext.swift"; sourceTree = "<group>"; };
		095DF87F220C9EF900039AC9 /* CustomNavigationController.swift */ = {isa = PBXFileReference; lastKnownFileType = sourcecode.swift; path = CustomNavigationController.swift; sourceTree = "<group>"; };
		095DF882220C9EF900039AC9 /* FriendCollectionViewCell.swift */ = {isa = PBXFileReference; lastKnownFileType = sourcecode.swift; path = FriendCollectionViewCell.swift; sourceTree = "<group>"; };
		095DF883220C9EF900039AC9 /* FriendsCollectionViewController.swift */ = {isa = PBXFileReference; lastKnownFileType = sourcecode.swift; path = FriendsCollectionViewController.swift; sourceTree = "<group>"; };
		095DF884220C9EF900039AC9 /* FriendCollectionViewLayout.swift */ = {isa = PBXFileReference; lastKnownFileType = sourcecode.swift; path = FriendCollectionViewLayout.swift; sourceTree = "<group>"; };
		095DF885220C9EF900039AC9 /* LikeFavorite.swift */ = {isa = PBXFileReference; lastKnownFileType = sourcecode.swift; path = LikeFavorite.swift; sourceTree = "<group>"; };
		095DF887220C9EF900039AC9 /* FriendsViewController.swift */ = {isa = PBXFileReference; lastKnownFileType = sourcecode.swift; path = FriendsViewController.swift; sourceTree = "<group>"; };
		095DF888220C9EF900039AC9 /* Header.swift */ = {isa = PBXFileReference; lastKnownFileType = sourcecode.swift; path = Header.swift; sourceTree = "<group>"; };
		095DF889220C9EF900039AC9 /* FriendViewCell.swift */ = {isa = PBXFileReference; lastKnownFileType = sourcecode.swift; path = FriendViewCell.swift; sourceTree = "<group>"; };
		095DF88A220C9EF900039AC9 /* Header.xib */ = {isa = PBXFileReference; lastKnownFileType = file.xib; path = Header.xib; sourceTree = "<group>"; };
		095DF88B220C9EF900039AC9 /* Avatar.swift */ = {isa = PBXFileReference; lastKnownFileType = sourcecode.swift; path = Avatar.swift; sourceTree = "<group>"; };
		09E5A677220C96A3002FF24A /* VKapp.app */ = {isa = PBXFileReference; explicitFileType = wrapper.application; includeInIndex = 0; path = VKapp.app; sourceTree = BUILT_PRODUCTS_DIR; };
		09E5A67A220C96A3002FF24A /* AppDelegate.swift */ = {isa = PBXFileReference; lastKnownFileType = sourcecode.swift; path = AppDelegate.swift; sourceTree = "<group>"; };
		09E5A67C220C96A3002FF24A /* ViewController.swift */ = {isa = PBXFileReference; lastKnownFileType = sourcecode.swift; path = ViewController.swift; sourceTree = "<group>"; };
		09E5A67F220C96A3002FF24A /* Base */ = {isa = PBXFileReference; lastKnownFileType = file.storyboard; name = Base; path = Base.lproj/Main.storyboard; sourceTree = "<group>"; };
		09E5A681220C96A4002FF24A /* Assets.xcassets */ = {isa = PBXFileReference; lastKnownFileType = folder.assetcatalog; path = Assets.xcassets; sourceTree = "<group>"; };
		09E5A684220C96A4002FF24A /* Base */ = {isa = PBXFileReference; lastKnownFileType = file.storyboard; name = Base; path = Base.lproj/LaunchScreen.storyboard; sourceTree = "<group>"; };
		09E5A686220C96A4002FF24A /* Info.plist */ = {isa = PBXFileReference; lastKnownFileType = text.plist.xml; path = Info.plist; sourceTree = "<group>"; };
/* End PBXFileReference section */

/* Begin PBXFrameworksBuildPhase section */
		09E5A674220C96A3002FF24A /* Frameworks */ = {
			isa = PBXFrameworksBuildPhase;
			buildActionMask = 2147483647;
			files = (
				0929632324A3988F00D86622 /* WebKit.framework in Frameworks */,
			);
			runOnlyForDeploymentPostprocessing = 0;
		};
/* End PBXFrameworksBuildPhase section */

/* Begin PBXGroup section */
		065DD4249770ECAA03E0DBD5 /* Frameworks */ = {
			isa = PBXGroup;
			children = (
				0929632224A3988F00D86622 /* WebKit.framework */,
			);
			name = Frameworks;
			sourceTree = "<group>";
		};
		095DF861220C9EF800039AC9 /* Services */ = {
			isa = PBXGroup;
			children = (
				095DF862220C9EF800039AC9 /* RealmChanges.swift */,
				095DF863220C9EF800039AC9 /* NetworkService.swift */,
				095DF864220C9EF800039AC9 /* DatabaseService.swift */,
			);
			path = Services;
			sourceTree = "<group>";
		};
		095DF865220C9EF800039AC9 /* Model */ = {
			isa = PBXGroup;
			children = (
				095DF866220C9EF800039AC9 /* User.swift */,
				095DF867220C9EF800039AC9 /* Photo.swift */,
				095DF868220C9EF800039AC9 /* Group.swift */,
			);
			path = Model;
			sourceTree = "<group>";
		};
		095DF869220C9EF800039AC9 /* News */ = {
			isa = PBXGroup;
			children = (
				095DF86A220C9EF800039AC9 /* NewsTableViewController.swift */,
				095DF86B220C9EF800039AC9 /* NewsControl.swift */,
				095DF86C220C9EF800039AC9 /* NewsTableViewCell.swift */,
			);
			path = News;
			sourceTree = "<group>";
		};
		095DF873220C9EF900039AC9 /* Groups */ = {
			isa = PBXGroup;
			children = (
				095DF874220C9EF900039AC9 /* MyGroupsViewCell.swift */,
				095DF875220C9EF900039AC9 /* MyGroupViewController.swift */,
				095DF876220C9EF900039AC9 /* AllGroupViewController.swift */,
				095DF878220C9EF900039AC9 /* AllGroupViewCell.swift */,
			);
			path = Groups;
			sourceTree = "<group>";
		};
		095DF879220C9EF900039AC9 /* Gallery */ = {
			isa = PBXGroup;
			children = (
				095DF87A220C9EF900039AC9 /* GalleryCollectionViewController.swift */,
				095DF87B220C9EF900039AC9 /* GalleryCollectionViewCell.swift */,
			);
			path = Gallery;
			sourceTree = "<group>";
		};
		095DF880220C9EF900039AC9 /* Friend */ = {
			isa = PBXGroup;
			children = (
				095DF881220C9EF900039AC9 /* Collection */,
				095DF885220C9EF900039AC9 /* LikeFavorite.swift */,
				095DF886220C9EF900039AC9 /* Table */,
				095DF88B220C9EF900039AC9 /* Avatar.swift */,
			);
			path = Friend;
			sourceTree = "<group>";
		};
		095DF881220C9EF900039AC9 /* Collection */ = {
			isa = PBXGroup;
			children = (
				095DF882220C9EF900039AC9 /* FriendCollectionViewCell.swift */,
				095DF883220C9EF900039AC9 /* FriendsCollectionViewController.swift */,
				095DF884220C9EF900039AC9 /* FriendCollectionViewLayout.swift */,
			);
			path = Collection;
			sourceTree = "<group>";
		};
		095DF886220C9EF900039AC9 /* Table */ = {
			isa = PBXGroup;
			children = (
				095DF887220C9EF900039AC9 /* FriendsViewController.swift */,
				095DF888220C9EF900039AC9 /* Header.swift */,
				095DF889220C9EF900039AC9 /* FriendViewCell.swift */,
				095DF88A220C9EF900039AC9 /* Header.xib */,
			);
			path = Table;
			sourceTree = "<group>";
		};
		09E5A66E220C96A2002FF24A = {
			isa = PBXGroup;
			children = (
				09E5A679220C96A3002FF24A /* VKapp */,
				09E5A678220C96A3002FF24A /* Products */,
				065DD4249770ECAA03E0DBD5 /* Frameworks */,
			);
			sourceTree = "<group>";
		};
		09E5A678220C96A3002FF24A /* Products */ = {
			isa = PBXGroup;
			children = (
				09E5A677220C96A3002FF24A /* VKapp.app */,
			);
			name = Products;
			sourceTree = "<group>";
		};
		09E5A679220C96A3002FF24A /* VKapp */ = {
			isa = PBXGroup;
			children = (
				095DF870220C9EF800039AC9 /* CustomInteractiveTransition.swift */,
				095DF87F220C9EF900039AC9 /* CustomNavigationController.swift */,
				095DF860220C9EF800039AC9 /* CustomPopAnimator.swift */,
				095DF86E220C9EF800039AC9 /* CustomPushAnimator.swift */,
				095DF880220C9EF900039AC9 /* Friend */,
				095DF879220C9EF900039AC9 /* Gallery */,
				095DF873220C9EF900039AC9 /* Groups */,
				095DF86D220C9EF800039AC9 /* LoadingPoints.swift */,
				095DF871220C9EF900039AC9 /* LoginFormController.swift */,
				095DF865220C9EF800039AC9 /* Model */,
				095DF869220C9EF800039AC9 /* News */,
				095DF861220C9EF800039AC9 /* Services */,
				095DF87C220C9EF900039AC9 /* Session.swift */,
				095DF87E220C9EF900039AC9 /* UIViewController+Ext.swift */,
				095DF872220C9EF900039AC9 /* ViewController.swift */,
				095DF86F220C9EF800039AC9 /* VKLoginViewController.swift */,
				09E5A67A220C96A3002FF24A /* AppDelegate.swift */,
				09E5A67C220C96A3002FF24A /* ViewController.swift */,
				09E5A67E220C96A3002FF24A /* Main.storyboard */,
				09E5A681220C96A4002FF24A /* Assets.xcassets */,
				09E5A683220C96A4002FF24A /* LaunchScreen.storyboard */,
				09E5A686220C96A4002FF24A /* Info.plist */,
			);
			path = VKapp;
			sourceTree = "<group>";
		};
/* End PBXGroup section */

/* Begin PBXNativeTarget section */
		09E5A676220C96A3002FF24A /* VKapp */ = {
			isa = PBXNativeTarget;
			buildConfigurationList = 09E5A689220C96A4002FF24A /* Build configuration list for PBXNativeTarget "VKapp" */;
			buildPhases = (
				09E5A673220C96A3002FF24A /* Sources */,
				09E5A674220C96A3002FF24A /* Frameworks */,
				09E5A675220C96A3002FF24A /* Resources */,
			);
			buildRules = (
			);
			dependencies = (
			);
			name = VKapp;
			productName = VKapp;
			productReference = 09E5A677220C96A3002FF24A /* VKapp.app */;
			productType = "com.apple.product-type.application";
		};
/* End PBXNativeTarget section */

/* Begin PBXProject section */
		09E5A66F220C96A2002FF24A /* Project object */ = {
			isa = PBXProject;
			attributes = {
				LastSwiftUpdateCheck = 1010;
				LastUpgradeCheck = 1010;
				ORGANIZATIONNAME = "Евгений Иванов";
				TargetAttributes = {
					09E5A676220C96A3002FF24A = {
						CreatedOnToolsVersion = 10.1;
					};
				};
			};
			buildConfigurationList = 09E5A672220C96A2002FF24A /* Build configuration list for PBXProject "VKapp" */;
			compatibilityVersion = "Xcode 9.3";
			developmentRegion = en;
			hasScannedForEncodings = 0;
			knownRegions = (
				en,
				Base,
			);
			mainGroup = 09E5A66E220C96A2002FF24A;
			productRefGroup = 09E5A678220C96A3002FF24A /* Products */;
			projectDirPath = "";
			projectRoot = "";
			targets = (
				09E5A676220C96A3002FF24A /* VKapp */,
			);
		};
/* End PBXProject section */

/* Begin PBXResourcesBuildPhase section */
		09E5A675220C96A3002FF24A /* Resources */ = {
			isa = PBXResourcesBuildPhase;
			buildActionMask = 2147483647;
			files = (
				095DF8A7220CA30700039AC9 /* Header.xib in Resources */,
				09E5A685220C96A4002FF24A /* LaunchScreen.storyboard in Resources */,
				09E5A682220C96A4002FF24A /* Assets.xcassets in Resources */,
				09E5A680220C96A3002FF24A /* Main.storyboard in Resources */,
			);
			runOnlyForDeploymentPostprocessing = 0;
		};
/* End PBXResourcesBuildPhase section */

/* Begin PBXSourcesBuildPhase section */
		09E5A673220C96A3002FF24A /* Sources */ = {
			isa = PBXSourcesBuildPhase;
			buildActionMask = 2147483647;
			files = (
				095DF8B6220CA31000039AC9 /* LoginFormController.swift in Sources */,
				095DF8B1220CA31000039AC9 /* MyGroupViewController.swift in Sources */,
				095DF8BA220CA31700039AC9 /* NewsTableViewController.swift in Sources */,
				095DF893220C9EF900039AC9 /* Session.swift in Sources */,
				095DF8B9220CA31400039AC9 /* Group.swift in Sources */,
				095DF899220CA2CB00039AC9 /* FriendCollectionViewLayout.swift in Sources */,
				095DF89A220CA2DB00039AC9 /* LikeFavorite.swift in Sources */,
				095DF88C220C9EF900039AC9 /* CustomPopAnimator.swift in Sources */,
				095DF8B5220CA31000039AC9 /* LoadingPoints.swift in Sources */,
				095DF8A4220CA30700039AC9 /* FriendsViewController.swift in Sources */,
				095DF8BB220CA31700039AC9 /* NewsControl.swift in Sources */,
				095DF895220C9EF900039AC9 /* UIViewController+Ext.swift in Sources */,
				095DF88F220C9EF900039AC9 /* VKLoginViewController.swift in Sources */,
				095DF890220C9EF900039AC9 /* CustomInteractiveTransition.swift in Sources */,
				095DF8B4220CA31000039AC9 /* AllGroupViewCell.swift in Sources */,
				095DF8A6220CA30700039AC9 /* FriendViewCell.swift in Sources */,
				095DF8B0220CA31000039AC9 /* MyGroupsViewCell.swift in Sources */,
				095DF892220C9EF900039AC9 /* ViewController.swift in Sources */,
				095DF8BF220CA32000039AC9 /* DatabaseService.swift in Sources */,
				095DF8A5220CA30700039AC9 /* Header.swift in Sources */,
				09E5A67D220C96A3002FF24A /* ViewController.swift in Sources */,
				095DF8BE220CA32000039AC9 /* NetworkService.swift in Sources */,
				095DF898220CA2C900039AC9 /* FriendsCollectionViewController.swift in Sources */,
				095DF88E220C9EF900039AC9 /* CustomPushAnimator.swift in Sources */,
				095DF8BD220CA32000039AC9 /* RealmChanges.swift in Sources */,
				095DF8BC220CA31700039AC9 /* NewsTableViewCell.swift in Sources */,
				095DF8B7220CA31400039AC9 /* User.swift in Sources */,
				09E5A67B220C96A3002FF24A /* AppDelegate.swift in Sources */,
				095DF896220C9EF900039AC9 /* CustomNavigationController.swift in Sources */,
				095DF8A8220CA30700039AC9 /* Avatar.swift in Sources */,
				095DF8AA220CA30B00039AC9 /* GalleryCollectionViewCell.swift in Sources */,
				095DF8A9220CA30B00039AC9 /* GalleryCollectionViewController.swift in Sources */,
				095DF897220CA2C600039AC9 /* FriendCollectionViewCell.swift in Sources */,
				095DF8B2220CA31000039AC9 /* AllGroupViewController.swift in Sources */,
				095DF8B8220CA31400039AC9 /* Photo.swift in Sources */,
			);
			runOnlyForDeploymentPostprocessing = 0;
		};
/* End PBXSourcesBuildPhase section */

/* Begin PBXVariantGroup section */
		09E5A67E220C96A3002FF24A /* Main.storyboard */ = {
			isa = PBXVariantGroup;
			children = (
				09E5A67F220C96A3002FF24A /* Base */,
			);
			name = Main.storyboard;
			sourceTree = "<group>";
		};
		09E5A683220C96A4002FF24A /* LaunchScreen.storyboard */ = {
			isa = PBXVariantGroup;
			children = (
				09E5A684220C96A4002FF24A /* Base */,
			);
			name = LaunchScreen.storyboard;
			sourceTree = "<group>";
		};
/* End PBXVariantGroup section */

/* Begin XCBuildConfiguration section */
		09E5A687220C96A4002FF24A /* Debug */ = {
			isa = XCBuildConfiguration;
			buildSettings = {
				ALWAYS_SEARCH_USER_PATHS = NO;
				CLANG_ANALYZER_NONNULL = YES;
				CLANG_ANALYZER_NUMBER_OBJECT_CONVERSION = YES_AGGRESSIVE;
				CLANG_CXX_LANGUAGE_STANDARD = "gnu++14";
				CLANG_CXX_LIBRARY = "libc++";
				CLANG_ENABLE_MODULES = YES;
				CLANG_ENABLE_OBJC_ARC = YES;
				CLANG_ENABLE_OBJC_WEAK = YES;
				CLANG_WARN_BLOCK_CAPTURE_AUTORELEASING = YES;
				CLANG_WARN_BOOL_CONVERSION = YES;
				CLANG_WARN_COMMA = YES;
				CLANG_WARN_CONSTANT_CONVERSION = YES;
				CLANG_WARN_DEPRECATED_OBJC_IMPLEMENTATIONS = YES;
				CLANG_WARN_DIRECT_OBJC_ISA_USAGE = YES_ERROR;
				CLANG_WARN_DOCUMENTATION_COMMENTS = YES;
				CLANG_WARN_EMPTY_BODY = YES;
				CLANG_WARN_ENUM_CONVERSION = YES;
				CLANG_WARN_INFINITE_RECURSION = YES;
				CLANG_WARN_INT_CONVERSION = YES;
				CLANG_WARN_NON_LITERAL_NULL_CONVERSION = YES;
				CLANG_WARN_OBJC_IMPLICIT_RETAIN_SELF = YES;
				CLANG_WARN_OBJC_LITERAL_CONVERSION = YES;
				CLANG_WARN_OBJC_ROOT_CLASS = YES_ERROR;
				CLANG_WARN_RANGE_LOOP_ANALYSIS = YES;
				CLANG_WARN_STRICT_PROTOTYPES = YES;
				CLANG_WARN_SUSPICIOUS_MOVE = YES;
				CLANG_WARN_UNGUARDED_AVAILABILITY = YES_AGGRESSIVE;
				CLANG_WARN_UNREACHABLE_CODE = YES;
				CLANG_WARN__DUPLICATE_METHOD_MATCH = YES;
				CODE_SIGN_IDENTITY = "iPhone Developer";
				COPY_PHASE_STRIP = NO;
				DEBUG_INFORMATION_FORMAT = dwarf;
				ENABLE_STRICT_OBJC_MSGSEND = YES;
				ENABLE_TESTABILITY = YES;
				GCC_C_LANGUAGE_STANDARD = gnu11;
				GCC_DYNAMIC_NO_PIC = NO;
				GCC_NO_COMMON_BLOCKS = YES;
				GCC_OPTIMIZATION_LEVEL = 0;
				GCC_PREPROCESSOR_DEFINITIONS = (
					"DEBUG=1",
					"$(inherited)",
				);
				GCC_WARN_64_TO_32_BIT_CONVERSION = YES;
				GCC_WARN_ABOUT_RETURN_TYPE = YES_ERROR;
				GCC_WARN_UNDECLARED_SELECTOR = YES;
				GCC_WARN_UNINITIALIZED_AUTOS = YES_AGGRESSIVE;
				GCC_WARN_UNUSED_FUNCTION = YES;
				GCC_WARN_UNUSED_VARIABLE = YES;
				IPHONEOS_DEPLOYMENT_TARGET = 12.1;
				MTL_ENABLE_DEBUG_INFO = INCLUDE_SOURCE;
				MTL_FAST_MATH = YES;
				ONLY_ACTIVE_ARCH = YES;
				SDKROOT = iphoneos;
				SWIFT_ACTIVE_COMPILATION_CONDITIONS = DEBUG;
				SWIFT_OPTIMIZATION_LEVEL = "-Onone";
			};
			name = Debug;
		};
		09E5A688220C96A4002FF24A /* Release */ = {
			isa = XCBuildConfiguration;
			buildSettings = {
				ALWAYS_SEARCH_USER_PATHS = NO;
				CLANG_ANALYZER_NONNULL = YES;
				CLANG_ANALYZER_NUMBER_OBJECT_CONVERSION = YES_AGGRESSIVE;
				CLANG_CXX_LANGUAGE_STANDARD = "gnu++14";
				CLANG_CXX_LIBRARY = "libc++";
				CLANG_ENABLE_MODULES = YES;
				CLANG_ENABLE_OBJC_ARC = YES;
				CLANG_ENABLE_OBJC_WEAK = YES;
				CLANG_WARN_BLOCK_CAPTURE_AUTORELEASING = YES;
				CLANG_WARN_BOOL_CONVERSION = YES;
				CLANG_WARN_COMMA = YES;
				CLANG_WARN_CONSTANT_CONVERSION = YES;
				CLANG_WARN_DEPRECATED_OBJC_IMPLEMENTATIONS = YES;
				CLANG_WARN_DIRECT_OBJC_ISA_USAGE = YES_ERROR;
				CLANG_WARN_DOCUMENTATION_COMMENTS = YES;
				CLANG_WARN_EMPTY_BODY = YES;
				CLANG_WARN_ENUM_CONVERSION = YES;
				CLANG_WARN_INFINITE_RECURSION = YES;
				CLANG_WARN_INT_CONVERSION = YES;
				CLANG_WARN_NON_LITERAL_NULL_CONVERSION = YES;
				CLANG_WARN_OBJC_IMPLICIT_RETAIN_SELF = YES;
				CLANG_WARN_OBJC_LITERAL_CONVERSION = YES;
				CLANG_WARN_OBJC_ROOT_CLASS = YES_ERROR;
				CLANG_WARN_RANGE_LOOP_ANALYSIS = YES;
				CLANG_WARN_STRICT_PROTOTYPES = YES;
				CLANG_WARN_SUSPICIOUS_MOVE = YES;
				CLANG_WARN_UNGUARDED_AVAILABILITY = YES_AGGRESSIVE;
				CLANG_WARN_UNREACHABLE_CODE = YES;
				CLANG_WARN__DUPLICATE_METHOD_MATCH = YES;
				CODE_SIGN_IDENTITY = "iPhone Developer";
				COPY_PHASE_STRIP = NO;
				DEBUG_INFORMATION_FORMAT = "dwarf-with-dsym";
				ENABLE_NS_ASSERTIONS = NO;
				ENABLE_STRICT_OBJC_MSGSEND = YES;
				GCC_C_LANGUAGE_STANDARD = gnu11;
				GCC_NO_COMMON_BLOCKS = YES;
				GCC_WARN_64_TO_32_BIT_CONVERSION = YES;
				GCC_WARN_ABOUT_RETURN_TYPE = YES_ERROR;
				GCC_WARN_UNDECLARED_SELECTOR = YES;
				GCC_WARN_UNINITIALIZED_AUTOS = YES_AGGRESSIVE;
				GCC_WARN_UNUSED_FUNCTION = YES;
				GCC_WARN_UNUSED_VARIABLE = YES;
				IPHONEOS_DEPLOYMENT_TARGET = 12.1;
				MTL_ENABLE_DEBUG_INFO = NO;
				MTL_FAST_MATH = YES;
				SDKROOT = iphoneos;
				SWIFT_COMPILATION_MODE = wholemodule;
				SWIFT_OPTIMIZATION_LEVEL = "-O";
				VALIDATE_PRODUCT = YES;
			};
			name = Release;
		};
		09E5A68A220C96A4002FF24A /* Debug */ = {
			isa = XCBuildConfiguration;
			buildSettings = {
				ASSETCATALOG_COMPILER_APPICON_NAME = AppIcon;
				CODE_SIGN_STYLE = Automatic;
				DEVELOPMENT_TEAM = CLKF6H3J2B;
				INFOPLIST_FILE = VKapp/Info.plist;
				LD_RUNPATH_SEARCH_PATHS = (
					"$(inherited)",
					"@executable_path/Frameworks",
				);
				PRODUCT_BUNDLE_IDENTIFIER = yakudZZZa.VKapp;
				PRODUCT_NAME = "$(TARGET_NAME)";
				SWIFT_VERSION = 4.2;
				TARGETED_DEVICE_FAMILY = "1,2";
			};
			name = Debug;
		};
		09E5A68B220C96A4002FF24A /* Release */ = {
			isa = XCBuildConfiguration;
			buildSettings = {
				ASSETCATALOG_COMPILER_APPICON_NAME = AppIcon;
				CODE_SIGN_STYLE = Automatic;
				DEVELOPMENT_TEAM = CLKF6H3J2B;
				INFOPLIST_FILE = VKapp/Info.plist;
				LD_RUNPATH_SEARCH_PATHS = (
					"$(inherited)",
					"@executable_path/Frameworks",
				);
				PRODUCT_BUNDLE_IDENTIFIER = yakudZZZa.VKapp;
				PRODUCT_NAME = "$(TARGET_NAME)";
				SWIFT_VERSION = 4.2;
				TARGETED_DEVICE_FAMILY = "1,2";
			};
			name = Release;
		};
/* End XCBuildConfiguration section */

/* Begin XCConfigurationList section */
		09E5A672220C96A2002FF24A /* Build configuration list for PBXProject "VKapp" */ = {
			isa = XCConfigurationList;
			buildConfigurations = (
				09E5A687220C96A4002FF24A /* Debug */,
				09E5A688220C96A4002FF24A /* Release */,
			);
			defaultConfigurationIsVisible = 0;
			defaultConfigurationName = Release;
		};
		09E5A689220C96A4002FF24A /* Build configuration list for PBXNativeTarget "VKapp" */ = {
			isa = XCConfigurationList;
			buildConfigurations = (
				09E5A68A220C96A4002FF24A /* Debug */,
				09E5A68B220C96A4002FF24A /* Release */,
			);
			defaultConfigurationIsVisible = 0;
			defaultConfigurationName = Release;
		};
/* End XCConfigurationList section */
	};
	rootObject = 09E5A66F220C96A2002FF24A /* Project object */;
}
